
Microsoft Visual Studio Solution File, Format Version 12.00
# Visual Studio Version 17
VisualStudioVersion = 17.8.34525.116
MinimumVisualStudioVersion = 10.0.40219.1
Project("{FAE04EC0-301F-11D3-BF4B-00C04F79EFBC}") = "SimpleRecords.API.Tests", "SimpleRecords.API.Tests\SimpleRecords.API.Tests.csproj", "{80CE230B-374D-48E1-BC11-771D0DFDEBB1}"
EndProject
Project("{2150E333-8FDC-42A3-9474-1A3956D46DE8}") = "Applications", "Applications", "{BC3952BF-D5D5-48AC-ADB8-F345C0114C24}"
EndProject
Project("{2150E333-8FDC-42A3-9474-1A3956D46DE8}") = "Tests", "Tests", "{1CE01FF0-43F1-4209-A3FC-236BEF27F8B6}"
EndProject
Project("{2150E333-8FDC-42A3-9474-1A3956D46DE8}") = "Libraries", "Libraries", "{D6333538-B6BE-4A8D-803F-1CDE00FCAA13}"
EndProject
Project("{FAE04EC0-301F-11D3-BF4B-00C04F79EFBC}") = "SimpleRecords.ConsoleApp", "SimpleRecords.ConsoleApp\SimpleRecords.ConsoleApp.csproj", "{5BCE072B-BCC3-4EE0-A0FF-627031F40BB6}"
EndProject
Project("{FAE04EC0-301F-11D3-BF4B-00C04F79EFBC}") = "SimpleRecords.Common", "SimpleRecords.Common\SimpleRecords.Common.csproj", "{C16C2140-8E83-4EE4-AF79-9B2F2E32669C}"
EndProject
Project("{FAE04EC0-301F-11D3-BF4B-00C04F79EFBC}") = "SimpleRecords.Common.Tests", "SimpleRecords.Common.Tests\SimpleRecords.Common.Tests.csproj", "{E44D908F-DAD6-4BDA-8758-6B46229A61FC}"
EndProject
Project("{FAE04EC0-301F-11D3-BF4B-00C04F79EFBC}") = "SimpleRecords.ConsoleApp.Tests", "SimpleRecords.ConsoleApp.Tests\SimpleRecords.ConsoleApp.Tests.csproj", "{EDFE4554-237D-4B73-A58A-C2DC47C1CE6E}"
EndProject
Project("{FAE04EC0-301F-11D3-BF4B-00C04F79EFBC}") = "SimpleRecords.API", "SimpleRecords.API\SimpleRecords.API.csproj", "{9A77774D-C4B9-4EC5-B064-B47B6190C5D2}"
EndProject
Project("{2150E333-8FDC-42A3-9474-1A3956D46DE8}") = "Resources", "Resources", "{09DFBAAA-B6C3-4C39-A26F-44D96E0FD041}"
	ProjectSection(SolutionItems) = preProject
		Resources\database.json = Resources\database.json
		Resources\nameslist.csv = Resources\nameslist.csv
		Resources\postman_collection.json = Resources\postman_collection.json
	EndProjectSection
EndProject
Global
	GlobalSection(SolutionConfigurationPlatforms) = preSolution
		Debug|Any CPU = Debug|Any CPU
		Release|Any CPU = Release|Any CPU
	EndGlobalSection
	GlobalSection(ProjectConfigurationPlatforms) = postSolution
		{80CE230B-374D-48E1-BC11-771D0DFDEBB1}.Debug|Any CPU.ActiveCfg = Debug|Any CPU
		{80CE230B-374D-48E1-BC11-771D0DFDEBB1}.Debug|Any CPU.Build.0 = Debug|Any CPU
		{80CE230B-374D-48E1-BC11-771D0DFDEBB1}.Release|Any CPU.ActiveCfg = Release|Any CPU
		{80CE230B-374D-48E1-BC11-771D0DFDEBB1}.Release|Any CPU.Build.0 = Release|Any CPU
		{5BCE072B-BCC3-4EE0-A0FF-627031F40BB6}.Debug|Any CPU.ActiveCfg = Debug|Any CPU
		{5BCE072B-BCC3-4EE0-A0FF-627031F40BB6}.Debug|Any CPU.Build.0 = Debug|Any CPU
		{5BCE072B-BCC3-4EE0-A0FF-627031F40BB6}.Release|Any CPU.ActiveCfg = Release|Any CPU
		{5BCE072B-BCC3-4EE0-A0FF-627031F40BB6}.Release|Any CPU.Build.0 = Release|Any CPU
		{C16C2140-8E83-4EE4-AF79-9B2F2E32669C}.Debug|Any CPU.ActiveCfg = Debug|Any CPU
		{C16C2140-8E83-4EE4-AF79-9B2F2E32669C}.Debug|Any CPU.Build.0 = Debug|Any CPU
		{C16C2140-8E83-4EE4-AF79-9B2F2E32669C}.Release|Any CPU.ActiveCfg = Release|Any CPU
		{C16C2140-8E83-4EE4-AF79-9B2F2E32669C}.Release|Any CPU.Build.0 = Release|Any CPU
		{E44D908F-DAD6-4BDA-8758-6B46229A61FC}.Debug|Any CPU.ActiveCfg = Debug|Any CPU
		{E44D908F-DAD6-4BDA-8758-6B46229A61FC}.Debug|Any CPU.Build.0 = Debug|Any CPU
		{E44D908F-DAD6-4BDA-8758-6B46229A61FC}.Release|Any CPU.ActiveCfg = Release|Any CPU
		{E44D908F-DAD6-4BDA-8758-6B46229A61FC}.Release|Any CPU.Build.0 = Release|Any CPU
		{EDFE4554-237D-4B73-A58A-C2DC47C1CE6E}.Debug|Any CPU.ActiveCfg = Debug|Any CPU
		{EDFE4554-237D-4B73-A58A-C2DC47C1CE6E}.Debug|Any CPU.Build.0 = Debug|Any CPU
		{EDFE4554-237D-4B73-A58A-C2DC47C1CE6E}.Release|Any CPU.ActiveCfg = Release|Any CPU
		{EDFE4554-237D-4B73-A58A-C2DC47C1CE6E}.Release|Any CPU.Build.0 = Release|Any CPU
		{9A77774D-C4B9-4EC5-B064-B47B6190C5D2}.Debug|Any CPU.ActiveCfg = Debug|Any CPU
		{9A77774D-C4B9-4EC5-B064-B47B6190C5D2}.Debug|Any CPU.Build.0 = Debug|Any CPU
		{9A77774D-C4B9-4EC5-B064-B47B6190C5D2}.Release|Any CPU.ActiveCfg = Release|Any CPU
		{9A77774D-C4B9-4EC5-B064-B47B6190C5D2}.Release|Any CPU.Build.0 = Release|Any CPU
	EndGlobalSection
	GlobalSection(SolutionProperties) = preSolution
		HideSolutionNode = FALSE
	EndGlobalSection
	GlobalSection(NestedProjects) = preSolution
		{80CE230B-374D-48E1-BC11-771D0DFDEBB1} = {1CE01FF0-43F1-4209-A3FC-236BEF27F8B6}
		{5BCE072B-BCC3-4EE0-A0FF-627031F40BB6} = {BC3952BF-D5D5-48AC-ADB8-F345C0114C24}
		{C16C2140-8E83-4EE4-AF79-9B2F2E32669C} = {D6333538-B6BE-4A8D-803F-1CDE00FCAA13}
		{E44D908F-DAD6-4BDA-8758-6B46229A61FC} = {1CE01FF0-43F1-4209-A3FC-236BEF27F8B6}
		{EDFE4554-237D-4B73-A58A-C2DC47C1CE6E} = {1CE01FF0-43F1-4209-A3FC-236BEF27F8B6}
		{9A77774D-C4B9-4EC5-B064-B47B6190C5D2} = {BC3952BF-D5D5-48AC-ADB8-F345C0114C24}
	EndGlobalSection
	GlobalSection(ExtensibilityGlobals) = postSolution
		SolutionGuid = {FB4225BA-41DB-4C39-89A7-E33DF1E70049}
	EndGlobalSection
EndGlobal
